
Microsoft Visual Studio Solution File, Format Version 11.00
# Visual Studio 2010
Project("{FAE04EC0-301F-11D3-BF4B-00C04F79EFBC}") = "pack", "Assembly-CSharp.csproj", "{3A0BEAEC-3534-2170-DA58-5F6EA885B48F}"
EndProject
Project("{FAE04EC0-301F-11D3-BF4B-00C04F79EFBC}") = "pack", "Assembly-CSharp-Editor.csproj", "{9C46ED92-DB15-83B8-2802-45F7CF1C75C9}"
EndProject
Global
	GlobalSection(SolutionConfigurationPlatforms) = preSolution
		Debug|Any CPU = Debug|Any CPU
		Release|Any CPU = Release|Any CPU
	EndGlobalSection
	GlobalSection(ProjectConfigurationPlatforms) = postSolution
		{3A0BEAEC-3534-2170-DA58-5F6EA885B48F}.Debug|Any CPU.ActiveCfg = Debug|Any CPU
		{3A0BEAEC-3534-2170-DA58-5F6EA885B48F}.Debug|Any CPU.Build.0 = Debug|Any CPU
		{3A0BEAEC-3534-2170-DA58-5F6EA885B48F}.Release|Any CPU.ActiveCfg = Release|Any CPU
		{3A0BEAEC-3534-2170-DA58-5F6EA885B48F}.Release|Any CPU.Build.0 = Release|Any CPU
		{9C46ED92-DB15-83B8-2802-45F7CF1C75C9}.Debug|Any CPU.ActiveCfg = Debug|Any CPU
		{9C46ED92-DB15-83B8-2802-45F7CF1C75C9}.Debug|Any CPU.Build.0 = Debug|Any CPU
		{9C46ED92-DB15-83B8-2802-45F7CF1C75C9}.Release|Any CPU.ActiveCfg = Release|Any CPU
		{9C46ED92-DB15-83B8-2802-45F7CF1C75C9}.Release|Any CPU.Build.0 = Release|Any CPU
	EndGlobalSection
	GlobalSection(SolutionProperties) = preSolution
		HideSolutionNode = FALSE
	EndGlobalSection
	GlobalSection(MonoDevelopProperties) = preSolution
		StartupItem = Assembly-CSharp.csproj
	EndGlobalSection
EndGlobal
